# THIS IS AN AUTOGENERATED FILE. DO NOT EDIT THIS FILE DIRECTLY.
# yarn lockfile v1


"@flydiverny/renovate-bug-dep@1.1.4":
  version "1.1.4"
  resolved "https://registry.yarnpkg.com/@flydiverny/renovate-bug-dep/-/renovate-bug-dep-1.1.4.tgz#49b1c8484817ff8ea73b234a297878846ba2f8d6"
  integrity sha512-xHByvRVtBi44vcuEGzx55a9DxczEYd2IKbef3/hHfukThzgGDrVrvnAUtn9SWrGR/bWXxh+7bXeYoAnxQAv5Iw==
  dependencies:
    "@flydiverny/renovate-bug" "1.0.2"

"@flydiverny/renovate-bug@1.0.2":
  version "1.0.2"
  resolved "https://registry.yarnpkg.com/@flydiverny/renovate-bug/-/renovate-bug-1.0.2.tgz#72b2c0e587474df070dbfaab1e417f38dbaddfeb"
  integrity sha512-CvDFd0703FFQ5NVumW1W5YuQ73qYXZu1AAWG3gNqx41CCfF5scUozHk6Cu8zrrYrZoIz9sbzp9g9GRp1PD5ElA==
