# THIS IS AN AUTOGENERATED FILE. DO NOT EDIT THIS FILE DIRECTLY.
# yarn lockfile v1


"@flydiverny/renovate-bug-dep@1.0.2":
  version "1.0.2"
  resolved "https://registry.yarnpkg.com/@flydiverny/renovate-bug-dep/-/renovate-bug-dep-1.0.2.tgz#e950180281557125ef215aa231d030ce2fa6d2c0"
  integrity sha512-ZaIuDop4UFUzFPqnCm7E7DDPcQB+EalYfASzAbSF6gy8QalrTZ/Lx8OJE58hcZ2ZT4uzG2XxG9zIrvDNFjIYEg==

"@flydiverny/renovate-bug@1.0.2":
  version "1.0.2"
  resolved "https://registry.yarnpkg.com/@flydiverny/renovate-bug/-/renovate-bug-1.0.2.tgz#72b2c0e587474df070dbfaab1e417f38dbaddfeb"
  integrity sha512-CvDFd0703FFQ5NVumW1W5YuQ73qYXZu1AAWG3gNqx41CCfF5scUozHk6Cu8zrrYrZoIz9sbzp9g9GRp1PD5ElA==
